
Microsoft Visual Studio Solution File, Format Version 12.00
# Visual Studio 15
Project("{FAE04EC0-301F-11D3-BF4B-00C04F79EFBC}") = "Assembly-CSharp", "Assembly-CSharp.csproj", "{B7A1BB9A-4B47-CBA9-067B-64F7F641C2ED}"
EndProject
Project("{FAE04EC0-301F-11D3-BF4B-00C04F79EFBC}") = "Assembly-CSharp-Editor", "Assembly-CSharp-Editor.csproj", "{FE6325A5-455A-5D73-4918-767774AC1FD2}"
EndProject
Project("{FAE04EC0-301F-11D3-BF4B-00C04F79EFBC}") = "ALP8310_ControllerGlobal", "ALP8310_ControllerGlobal.csproj", "{14DAFBEC-F655-A39A-33F2-1121A49F83C2}"
EndProject
Project("{FAE04EC0-301F-11D3-BF4B-00C04F79EFBC}") = "ALP8310_ControllerGlobal.Editor", "ALP8310_ControllerGlobal.Editor.csproj", "{B2A561BC-FF7F-C0FD-160C-9635508123BF}"
EndProject
Global
	GlobalSection(SolutionConfigurationPlatforms) = preSolution
		Debug|Any CPU = Debug|Any CPU
		Release|Any CPU = Release|Any CPU
	EndGlobalSection
	GlobalSection(ProjectConfigurationPlatforms) = postSolution
		{B7A1BB9A-4B47-CBA9-067B-64F7F641C2ED}.Debug|Any CPU.ActiveCfg = Debug|Any CPU
		{B7A1BB9A-4B47-CBA9-067B-64F7F641C2ED}.Debug|Any CPU.Build.0 = Debug|Any CPU
		{B7A1BB9A-4B47-CBA9-067B-64F7F641C2ED}.Release|Any CPU.ActiveCfg = Release|Any CPU
		{B7A1BB9A-4B47-CBA9-067B-64F7F641C2ED}.Release|Any CPU.Build.0 = Release|Any CPU
		{FE6325A5-455A-5D73-4918-767774AC1FD2}.Debug|Any CPU.ActiveCfg = Debug|Any CPU
		{FE6325A5-455A-5D73-4918-767774AC1FD2}.Debug|Any CPU.Build.0 = Debug|Any CPU
		{FE6325A5-455A-5D73-4918-767774AC1FD2}.Release|Any CPU.ActiveCfg = Release|Any CPU
		{FE6325A5-455A-5D73-4918-767774AC1FD2}.Release|Any CPU.Build.0 = Release|Any CPU
		{14DAFBEC-F655-A39A-33F2-1121A49F83C2}.Debug|Any CPU.ActiveCfg = Debug|Any CPU
		{14DAFBEC-F655-A39A-33F2-1121A49F83C2}.Debug|Any CPU.Build.0 = Debug|Any CPU
		{14DAFBEC-F655-A39A-33F2-1121A49F83C2}.Release|Any CPU.ActiveCfg = Release|Any CPU
		{14DAFBEC-F655-A39A-33F2-1121A49F83C2}.Release|Any CPU.Build.0 = Release|Any CPU
		{B2A561BC-FF7F-C0FD-160C-9635508123BF}.Debug|Any CPU.ActiveCfg = Debug|Any CPU
		{B2A561BC-FF7F-C0FD-160C-9635508123BF}.Debug|Any CPU.Build.0 = Debug|Any CPU
		{B2A561BC-FF7F-C0FD-160C-9635508123BF}.Release|Any CPU.ActiveCfg = Release|Any CPU
		{B2A561BC-FF7F-C0FD-160C-9635508123BF}.Release|Any CPU.Build.0 = Release|Any CPU
	EndGlobalSection
	GlobalSection(SolutionProperties) = preSolution
		HideSolutionNode = FALSE
	EndGlobalSection
EndGlobal
